// !$*UTF8*$!
{
	archiveVersion = 1;
	classes = {
	};
	objectVersion = 50;
	objects = {

/* Begin PBXBuildFile section */
		80069A062444EB5200DB3DBA /* URL+VideoPreviewThumbnail.swift in Sources */ = {isa = PBXBuildFile; fileRef = 80069A052444EB5200DB3DBA /* URL+VideoPreviewThumbnail.swift */; };
		8022E05B2444C02C00DA39B7 /* MediaCell.swift in Sources */ = {isa = PBXBuildFile; fileRef = 8022E05A2444C02C00DA39B7 /* MediaCell.swift */; };
		8022E05D2444C06800DA39B7 /* HeaderView.swift in Sources */ = {isa = PBXBuildFile; fileRef = 8022E05C2444C06800DA39B7 /* HeaderView.swift */; };
		8022E05F2444C40000DA39B7 /* MediaObject.swift in Sources */ = {isa = PBXBuildFile; fileRef = 8022E05E2444C40000DA39B7 /* MediaObject.swift */; };
		802645942446190C000231A3 /* MediaDataModel.xcdatamodeld in Sources */ = {isa = PBXBuildFile; fileRef = 802645922446190C000231A3 /* MediaDataModel.xcdatamodeld */; };
		8026459724461BDD000231A3 /* CDMediaObject+CoreDataClass.swift in Sources */ = {isa = PBXBuildFile; fileRef = 8026459524461BDD000231A3 /* CDMediaObject+CoreDataClass.swift */; };
		8026459824461BDD000231A3 /* CDMediaObject+CoreDataProperties.swift in Sources */ = {isa = PBXBuildFile; fileRef = 8026459624461BDD000231A3 /* CDMediaObject+CoreDataProperties.swift */; };
		8026459A24461C76000231A3 /* CoreDataManager.swift in Sources */ = {isa = PBXBuildFile; fileRef = 8026459924461C76000231A3 /* CoreDataManager.swift */; };
		80B0B9502444B99800A928E8 /* AppDelegate.swift in Sources */ = {isa = PBXBuildFile; fileRef = 80B0B94F2444B99800A928E8 /* AppDelegate.swift */; };
		80B0B9522444B99800A928E8 /* SceneDelegate.swift in Sources */ = {isa = PBXBuildFile; fileRef = 80B0B9512444B99800A928E8 /* SceneDelegate.swift */; };
		80B0B9542444B99800A928E8 /* MediaFeedViewController.swift in Sources */ = {isa = PBXBuildFile; fileRef = 80B0B9532444B99800A928E8 /* MediaFeedViewController.swift */; };
		80B0B9572444B99800A928E8 /* Main.storyboard in Resources */ = {isa = PBXBuildFile; fileRef = 80B0B9552444B99800A928E8 /* Main.storyboard */; };
		80B0B9592444B99C00A928E8 /* Assets.xcassets in Resources */ = {isa = PBXBuildFile; fileRef = 80B0B9582444B99C00A928E8 /* Assets.xcassets */; };
		80B0B95C2444B99C00A928E8 /* LaunchScreen.storyboard in Resources */ = {isa = PBXBuildFile; fileRef = 80B0B95A2444B99C00A928E8 /* LaunchScreen.storyboard */; };
/* End PBXBuildFile section */

/* Begin PBXFileReference section */
		80069A052444EB5200DB3DBA /* URL+VideoPreviewThumbnail.swift */ = {isa = PBXFileReference; lastKnownFileType = sourcecode.swift; path = "URL+VideoPreviewThumbnail.swift"; sourceTree = "<group>"; };
		8022E05A2444C02C00DA39B7 /* MediaCell.swift */ = {isa = PBXFileReference; lastKnownFileType = sourcecode.swift; path = MediaCell.swift; sourceTree = "<group>"; };
		8022E05C2444C06800DA39B7 /* HeaderView.swift */ = {isa = PBXFileReference; lastKnownFileType = sourcecode.swift; path = HeaderView.swift; sourceTree = "<group>"; };
		8022E05E2444C40000DA39B7 /* MediaObject.swift */ = {isa = PBXFileReference; lastKnownFileType = sourcecode.swift; path = MediaObject.swift; sourceTree = "<group>"; };
		802645932446190C000231A3 /* MediaDataModel.xcdatamodel */ = {isa = PBXFileReference; lastKnownFileType = wrapper.xcdatamodel; path = MediaDataModel.xcdatamodel; sourceTree = "<group>"; };
		8026459524461BDD000231A3 /* CDMediaObject+CoreDataClass.swift */ = {isa = PBXFileReference; lastKnownFileType = sourcecode.swift; path = "CDMediaObject+CoreDataClass.swift"; sourceTree = SOURCE_ROOT; };
		8026459624461BDD000231A3 /* CDMediaObject+CoreDataProperties.swift */ = {isa = PBXFileReference; lastKnownFileType = sourcecode.swift; path = "CDMediaObject+CoreDataProperties.swift"; sourceTree = SOURCE_ROOT; };
		8026459924461C76000231A3 /* CoreDataManager.swift */ = {isa = PBXFileReference; lastKnownFileType = sourcecode.swift; path = CoreDataManager.swift; sourceTree = "<group>"; };
		80B0B94C2444B99800A928E8 /* AVFoundation-MediaFeed.app */ = {isa = PBXFileReference; explicitFileType = wrapper.application; includeInIndex = 0; path = "AVFoundation-MediaFeed.app"; sourceTree = BUILT_PRODUCTS_DIR; };
		80B0B94F2444B99800A928E8 /* AppDelegate.swift */ = {isa = PBXFileReference; lastKnownFileType = sourcecode.swift; path = AppDelegate.swift; sourceTree = "<group>"; };
		80B0B9512444B99800A928E8 /* SceneDelegate.swift */ = {isa = PBXFileReference; lastKnownFileType = sourcecode.swift; path = SceneDelegate.swift; sourceTree = "<group>"; };
		80B0B9532444B99800A928E8 /* MediaFeedViewController.swift */ = {isa = PBXFileReference; lastKnownFileType = sourcecode.swift; path = MediaFeedViewController.swift; sourceTree = "<group>"; };
		80B0B9562444B99800A928E8 /* Base */ = {isa = PBXFileReference; lastKnownFileType = file.storyboard; name = Base; path = Base.lproj/Main.storyboard; sourceTree = "<group>"; };
		80B0B9582444B99C00A928E8 /* Assets.xcassets */ = {isa = PBXFileReference; lastKnownFileType = folder.assetcatalog; path = Assets.xcassets; sourceTree = "<group>"; };
		80B0B95B2444B99C00A928E8 /* Base */ = {isa = PBXFileReference; lastKnownFileType = file.storyboard; name = Base; path = Base.lproj/LaunchScreen.storyboard; sourceTree = "<group>"; };
		80B0B95D2444B99C00A928E8 /* Info.plist */ = {isa = PBXFileReference; lastKnownFileType = text.plist.xml; path = Info.plist; sourceTree = "<group>"; };
/* End PBXFileReference section */

/* Begin PBXFrameworksBuildPhase section */
		80B0B9492444B99800A928E8 /* Frameworks */ = {
			isa = PBXFrameworksBuildPhase;
			buildActionMask = 2147483647;
			files = (
			);
			runOnlyForDeploymentPostprocessing = 0;
		};
/* End PBXFrameworksBuildPhase section */

/* Begin PBXGroup section */
		80B0B9432444B99800A928E8 = {
			isa = PBXGroup;
			children = (
				80B0B94E2444B99800A928E8 /* AVFoundation-MediaFeed */,
				80B0B94D2444B99800A928E8 /* Products */,
			);
			sourceTree = "<group>";
		};
		80B0B94D2444B99800A928E8 /* Products */ = {
			isa = PBXGroup;
			children = (
				80B0B94C2444B99800A928E8 /* AVFoundation-MediaFeed.app */,
			);
			name = Products;
			sourceTree = "<group>";
		};
		80B0B94E2444B99800A928E8 /* AVFoundation-MediaFeed */ = {
			isa = PBXGroup;
			children = (
				8026459524461BDD000231A3 /* CDMediaObject+CoreDataClass.swift */,
				8026459624461BDD000231A3 /* CDMediaObject+CoreDataProperties.swift */,
				8026459924461C76000231A3 /* CoreDataManager.swift */,
				80B0B94F2444B99800A928E8 /* AppDelegate.swift */,
				80B0B9512444B99800A928E8 /* SceneDelegate.swift */,
				80B0B9532444B99800A928E8 /* MediaFeedViewController.swift */,
				8022E05E2444C40000DA39B7 /* MediaObject.swift */,
				802645922446190C000231A3 /* MediaDataModel.xcdatamodeld */,
				80069A052444EB5200DB3DBA /* URL+VideoPreviewThumbnail.swift */,
				80B0B9552444B99800A928E8 /* Main.storyboard */,
				80B0B9582444B99C00A928E8 /* Assets.xcassets */,
				80B0B95A2444B99C00A928E8 /* LaunchScreen.storyboard */,
				80B0B95D2444B99C00A928E8 /* Info.plist */,
				8022E05A2444C02C00DA39B7 /* MediaCell.swift */,
				8022E05C2444C06800DA39B7 /* HeaderView.swift */,
			);
			path = "AVFoundation-MediaFeed";
			sourceTree = "<group>";
		};
/* End PBXGroup section */

/* Begin PBXNativeTarget section */
		80B0B94B2444B99800A928E8 /* AVFoundation-MediaFeed */ = {
			isa = PBXNativeTarget;
			buildConfigurationList = 80B0B9602444B99C00A928E8 /* Build configuration list for PBXNativeTarget "AVFoundation-MediaFeed" */;
			buildPhases = (
				80B0B9482444B99800A928E8 /* Sources */,
				80B0B9492444B99800A928E8 /* Frameworks */,
				80B0B94A2444B99800A928E8 /* Resources */,
			);
			buildRules = (
			);
			dependencies = (
			);
			name = "AVFoundation-MediaFeed";
			productName = "AVFoundation-MediaFeed";
			productReference = 80B0B94C2444B99800A928E8 /* AVFoundation-MediaFeed.app */;
			productType = "com.apple.product-type.application";
		};
/* End PBXNativeTarget section */

/* Begin PBXProject section */
		80B0B9442444B99800A928E8 /* Project object */ = {
			isa = PBXProject;
			attributes = {
				LastSwiftUpdateCheck = 1120;
				LastUpgradeCheck = 1120;
				ORGANIZATIONNAME = "Maitree Bain";
				TargetAttributes = {
					80B0B94B2444B99800A928E8 = {
						CreatedOnToolsVersion = 11.2.1;
					};
				};
			};
			buildConfigurationList = 80B0B9472444B99800A928E8 /* Build configuration list for PBXProject "AVFoundation-MediaFeed" */;
			compatibilityVersion = "Xcode 9.3";
			developmentRegion = en;
			hasScannedForEncodings = 0;
			knownRegions = (
				en,
				Base,
			);
			mainGroup = 80B0B9432444B99800A928E8;
			productRefGroup = 80B0B94D2444B99800A928E8 /* Products */;
			projectDirPath = "";
			projectRoot = "";
			targets = (
				80B0B94B2444B99800A928E8 /* AVFoundation-MediaFeed */,
			);
		};
/* End PBXProject section */

/* Begin PBXResourcesBuildPhase section */
		80B0B94A2444B99800A928E8 /* Resources */ = {
			isa = PBXResourcesBuildPhase;
			buildActionMask = 2147483647;
			files = (
				80B0B95C2444B99C00A928E8 /* LaunchScreen.storyboard in Resources */,
				80B0B9592444B99C00A928E8 /* Assets.xcassets in Resources */,
				80B0B9572444B99800A928E8 /* Main.storyboard in Resources */,
			);
			runOnlyForDeploymentPostprocessing = 0;
		};
/* End PBXResourcesBuildPhase section */

/* Begin PBXSourcesBuildPhase section */
		80B0B9482444B99800A928E8 /* Sources */ = {
			isa = PBXSourcesBuildPhase;
			buildActionMask = 2147483647;
			files = (
				8022E05D2444C06800DA39B7 /* HeaderView.swift in Sources */,
				80069A062444EB5200DB3DBA /* URL+VideoPreviewThumbnail.swift in Sources */,
				8026459824461BDD000231A3 /* CDMediaObject+CoreDataProperties.swift in Sources */,
				8022E05F2444C40000DA39B7 /* MediaObject.swift in Sources */,
				80B0B9542444B99800A928E8 /* MediaFeedViewController.swift in Sources */,
				80B0B9502444B99800A928E8 /* AppDelegate.swift in Sources */,
				8022E05B2444C02C00DA39B7 /* MediaCell.swift in Sources */,
				802645942446190C000231A3 /* MediaDataModel.xcdatamodeld in Sources */,
				8026459724461BDD000231A3 /* CDMediaObject+CoreDataClass.swift in Sources */,
				80B0B9522444B99800A928E8 /* SceneDelegate.swift in Sources */,
				8026459A24461C76000231A3 /* CoreDataManager.swift in Sources */,
			);
			runOnlyForDeploymentPostprocessing = 0;
		};
/* End PBXSourcesBuildPhase section */

/* Begin PBXVariantGroup section */
		80B0B9552444B99800A928E8 /* Main.storyboard */ = {
			isa = PBXVariantGroup;
			children = (
				80B0B9562444B99800A928E8 /* Base */,
			);
			name = Main.storyboard;
			sourceTree = "<group>";
		};
		80B0B95A2444B99C00A928E8 /* LaunchScreen.storyboard */ = {
			isa = PBXVariantGroup;
			children = (
				80B0B95B2444B99C00A928E8 /* Base */,
			);
			name = LaunchScreen.storyboard;
			sourceTree = "<group>";
		};
/* End PBXVariantGroup section */

/* Begin XCBuildConfiguration section */
		80B0B95E2444B99C00A928E8 /* Debug */ = {
			isa = XCBuildConfiguration;
			buildSettings = {
				ALWAYS_SEARCH_USER_PATHS = NO;
				CLANG_ANALYZER_NONNULL = YES;
				CLANG_ANALYZER_NUMBER_OBJECT_CONVERSION = YES_AGGRESSIVE;
				CLANG_CXX_LANGUAGE_STANDARD = "gnu++14";
				CLANG_CXX_LIBRARY = "libc++";
				CLANG_ENABLE_MODULES = YES;
				CLANG_ENABLE_OBJC_ARC = YES;
				CLANG_ENABLE_OBJC_WEAK = YES;
				CLANG_WARN_BLOCK_CAPTURE_AUTORELEASING = YES;
				CLANG_WARN_BOOL_CONVERSION = YES;
				CLANG_WARN_COMMA = YES;
				CLANG_WARN_CONSTANT_CONVERSION = YES;
				CLANG_WARN_DEPRECATED_OBJC_IMPLEMENTATIONS = YES;
				CLANG_WARN_DIRECT_OBJC_ISA_USAGE = YES_ERROR;
				CLANG_WARN_DOCUMENTATION_COMMENTS = YES;
				CLANG_WARN_EMPTY_BODY = YES;
				CLANG_WARN_ENUM_CONVERSION = YES;
				CLANG_WARN_INFINITE_RECURSION = YES;
				CLANG_WARN_INT_CONVERSION = YES;
				CLANG_WARN_NON_LITERAL_NULL_CONVERSION = YES;
				CLANG_WARN_OBJC_IMPLICIT_RETAIN_SELF = YES;
				CLANG_WARN_OBJC_LITERAL_CONVERSION = YES;
				CLANG_WARN_OBJC_ROOT_CLASS = YES_ERROR;
				CLANG_WARN_RANGE_LOOP_ANALYSIS = YES;
				CLANG_WARN_STRICT_PROTOTYPES = YES;
				CLANG_WARN_SUSPICIOUS_MOVE = YES;
				CLANG_WARN_UNGUARDED_AVAILABILITY = YES_AGGRESSIVE;
				CLANG_WARN_UNREACHABLE_CODE = YES;
				CLANG_WARN__DUPLICATE_METHOD_MATCH = YES;
				COPY_PHASE_STRIP = NO;
				DEBUG_INFORMATION_FORMAT = dwarf;
				ENABLE_STRICT_OBJC_MSGSEND = YES;
				ENABLE_TESTABILITY = YES;
				GCC_C_LANGUAGE_STANDARD = gnu11;
				GCC_DYNAMIC_NO_PIC = NO;
				GCC_NO_COMMON_BLOCKS = YES;
				GCC_OPTIMIZATION_LEVEL = 0;
				GCC_PREPROCESSOR_DEFINITIONS = (
					"DEBUG=1",
					"$(inherited)",
				);
				GCC_WARN_64_TO_32_BIT_CONVERSION = YES;
				GCC_WARN_ABOUT_RETURN_TYPE = YES_ERROR;
				GCC_WARN_UNDECLARED_SELECTOR = YES;
				GCC_WARN_UNINITIALIZED_AUTOS = YES_AGGRESSIVE;
				GCC_WARN_UNUSED_FUNCTION = YES;
				GCC_WARN_UNUSED_VARIABLE = YES;
				IPHONEOS_DEPLOYMENT_TARGET = 13.2;
				MTL_ENABLE_DEBUG_INFO = INCLUDE_SOURCE;
				MTL_FAST_MATH = YES;
				ONLY_ACTIVE_ARCH = YES;
				SDKROOT = iphoneos;
				SWIFT_ACTIVE_COMPILATION_CONDITIONS = DEBUG;
				SWIFT_OPTIMIZATION_LEVEL = "-Onone";
			};
			name = Debug;
		};
		80B0B95F2444B99C00A928E8 /* Release */ = {
			isa = XCBuildConfiguration;
			buildSettings = {
				ALWAYS_SEARCH_USER_PATHS = NO;
				CLANG_ANALYZER_NONNULL = YES;
				CLANG_ANALYZER_NUMBER_OBJECT_CONVERSION = YES_AGGRESSIVE;
				CLANG_CXX_LANGUAGE_STANDARD = "gnu++14";
				CLANG_CXX_LIBRARY = "libc++";
				CLANG_ENABLE_MODULES = YES;
				CLANG_ENABLE_OBJC_ARC = YES;
				CLANG_ENABLE_OBJC_WEAK = YES;
				CLANG_WARN_BLOCK_CAPTURE_AUTORELEASING = YES;
				CLANG_WARN_BOOL_CONVERSION = YES;
				CLANG_WARN_COMMA = YES;
				CLANG_WARN_CONSTANT_CONVERSION = YES;
				CLANG_WARN_DEPRECATED_OBJC_IMPLEMENTATIONS = YES;
				CLANG_WARN_DIRECT_OBJC_ISA_USAGE = YES_ERROR;
				CLANG_WARN_DOCUMENTATION_COMMENTS = YES;
				CLANG_WARN_EMPTY_BODY = YES;
				CLANG_WARN_ENUM_CONVERSION = YES;
				CLANG_WARN_INFINITE_RECURSION = YES;
				CLANG_WARN_INT_CONVERSION = YES;
				CLANG_WARN_NON_LITERAL_NULL_CONVERSION = YES;
				CLANG_WARN_OBJC_IMPLICIT_RETAIN_SELF = YES;
				CLANG_WARN_OBJC_LITERAL_CONVERSION = YES;
				CLANG_WARN_OBJC_ROOT_CLASS = YES_ERROR;
				CLANG_WARN_RANGE_LOOP_ANALYSIS = YES;
				CLANG_WARN_STRICT_PROTOTYPES = YES;
				CLANG_WARN_SUSPICIOUS_MOVE = YES;
				CLANG_WARN_UNGUARDED_AVAILABILITY = YES_AGGRESSIVE;
				CLANG_WARN_UNREACHABLE_CODE = YES;
				CLANG_WARN__DUPLICATE_METHOD_MATCH = YES;
				COPY_PHASE_STRIP = NO;
				DEBUG_INFORMATION_FORMAT = "dwarf-with-dsym";
				ENABLE_NS_ASSERTIONS = NO;
				ENABLE_STRICT_OBJC_MSGSEND = YES;
				GCC_C_LANGUAGE_STANDARD = gnu11;
				GCC_NO_COMMON_BLOCKS = YES;
				GCC_WARN_64_TO_32_BIT_CONVERSION = YES;
				GCC_WARN_ABOUT_RETURN_TYPE = YES_ERROR;
				GCC_WARN_UNDECLARED_SELECTOR = YES;
				GCC_WARN_UNINITIALIZED_AUTOS = YES_AGGRESSIVE;
				GCC_WARN_UNUSED_FUNCTION = YES;
				GCC_WARN_UNUSED_VARIABLE = YES;
				IPHONEOS_DEPLOYMENT_TARGET = 13.2;
				MTL_ENABLE_DEBUG_INFO = NO;
				MTL_FAST_MATH = YES;
				SDKROOT = iphoneos;
				SWIFT_COMPILATION_MODE = wholemodule;
				SWIFT_OPTIMIZATION_LEVEL = "-O";
				VALIDATE_PRODUCT = YES;
			};
			name = Release;
		};
		80B0B9612444B99C00A928E8 /* Debug */ = {
			isa = XCBuildConfiguration;
			buildSettings = {
				ASSETCATALOG_COMPILER_APPICON_NAME = AppIcon;
				CODE_SIGN_STYLE = Automatic;
				DEVELOPMENT_TEAM = P547T297G7;
				INFOPLIST_FILE = "AVFoundation-MediaFeed/Info.plist";
				LD_RUNPATH_SEARCH_PATHS = (
					"$(inherited)",
					"@executable_path/Frameworks",
				);
				PRODUCT_BUNDLE_IDENTIFIER = "com.MaitreeBain.AVFoundation-MediaFeed";
				PRODUCT_NAME = "$(TARGET_NAME)";
				SWIFT_VERSION = 5.0;
				TARGETED_DEVICE_FAMILY = "1,2";
			};
			name = Debug;
		};
		80B0B9622444B99C00A928E8 /* Release */ = {
			isa = XCBuildConfiguration;
			buildSettings = {
				ASSETCATALOG_COMPILER_APPICON_NAME = AppIcon;
				CODE_SIGN_STYLE = Automatic;
				DEVELOPMENT_TEAM = P547T297G7;
				INFOPLIST_FILE = "AVFoundation-MediaFeed/Info.plist";
				LD_RUNPATH_SEARCH_PATHS = (
					"$(inherited)",
					"@executable_path/Frameworks",
				);
				PRODUCT_BUNDLE_IDENTIFIER = "com.MaitreeBain.AVFoundation-MediaFeed";
				PRODUCT_NAME = "$(TARGET_NAME)";
				SWIFT_VERSION = 5.0;
				TARGETED_DEVICE_FAMILY = "1,2";
			};
			name = Release;
		};
/* End XCBuildConfiguration section */

/* Begin XCConfigurationList section */
		80B0B9472444B99800A928E8 /* Build configuration list for PBXProject "AVFoundation-MediaFeed" */ = {
			isa = XCConfigurationList;
			buildConfigurations = (
				80B0B95E2444B99C00A928E8 /* Debug */,
				80B0B95F2444B99C00A928E8 /* Release */,
			);
			defaultConfigurationIsVisible = 0;
			defaultConfigurationName = Release;
		};
		80B0B9602444B99C00A928E8 /* Build configuration list for PBXNativeTarget "AVFoundation-MediaFeed" */ = {
			isa = XCConfigurationList;
			buildConfigurations = (
				80B0B9612444B99C00A928E8 /* Debug */,
				80B0B9622444B99C00A928E8 /* Release */,
			);
			defaultConfigurationIsVisible = 0;
			defaultConfigurationName = Release;
		};
/* End XCConfigurationList section */

/* Begin XCVersionGroup section */
		802645922446190C000231A3 /* MediaDataModel.xcdatamodeld */ = {
			isa = XCVersionGroup;
			children = (
				802645932446190C000231A3 /* MediaDataModel.xcdatamodel */,
			);
			currentVersion = 802645932446190C000231A3 /* MediaDataModel.xcdatamodel */;
			path = MediaDataModel.xcdatamodeld;
			sourceTree = "<group>";
			versionGroupType = wrapper.xcdatamodel;
		};
/* End XCVersionGroup section */
	};
	rootObject = 80B0B9442444B99800A928E8 /* Project object */;
}
